
Microsoft Visual Studio Solution File, Format Version 10.00
# Visual Studio 2008
Project("{8BC9CEB8-8B4A-11D0-8D11-00A0C91BC942}") = "PEL", "PEL.vcproj", "{31460D43-026F-482E-B1DB-4DA31E8105AE}"
EndProject
Global
	GlobalSection(SolutionConfigurationPlatforms) = preSolution
		Debug|Win32 = Debug|Win32
		Release|Win32 = Release|Win32
	EndGlobalSection
	GlobalSection(ProjectConfigurationPlatforms) = postSolution
		{31460D43-026F-482E-B1DB-4DA31E8105AE}.Debug|Win32.ActiveCfg = Debug|Win32
		{31460D43-026F-482E-B1DB-4DA31E8105AE}.Debug|Win32.Build.0 = Debug|Win32
		{31460D43-026F-482E-B1DB-4DA31E8105AE}.Release|Win32.ActiveCfg = Release|Win32
		{31460D43-026F-482E-B1DB-4DA31E8105AE}.Release|Win32.Build.0 = Release|Win32
	EndGlobalSection
	GlobalSection(SolutionProperties) = preSolution
		HideSolutionNode = FALSE
	EndGlobalSection
EndGlobal
